
Microsoft Visual Studio Solution File, Format Version 12.00
# Visual Studio Version 17
VisualStudioVersion = 17.3.32819.101
MinimumVisualStudioVersion = 10.0.40219.1
Project("{FAE04EC0-301F-11D3-BF4B-00C04F79EFBC}") = "ProjectMars-CompetitionTask", "ProjectMars-CompetitionTask\ProjectMars-CompetitionTask.csproj", "{AE637C4E-5DF2-4190-87B3-5B60C631D13B}"
EndProject
Global
	GlobalSection(SolutionConfigurationPlatforms) = preSolution
		Debug|Any CPU = Debug|Any CPU
		Release|Any CPU = Release|Any CPU
	EndGlobalSection
	GlobalSection(ProjectConfigurationPlatforms) = postSolution
		{AE637C4E-5DF2-4190-87B3-5B60C631D13B}.Debug|Any CPU.ActiveCfg = Debug|Any CPU
		{AE637C4E-5DF2-4190-87B3-5B60C631D13B}.Debug|Any CPU.Build.0 = Debug|Any CPU
		{AE637C4E-5DF2-4190-87B3-5B60C631D13B}.Release|Any CPU.ActiveCfg = Release|Any CPU
		{AE637C4E-5DF2-4190-87B3-5B60C631D13B}.Release|Any CPU.Build.0 = Release|Any CPU
	EndGlobalSection
	GlobalSection(SolutionProperties) = preSolution
		HideSolutionNode = FALSE
	EndGlobalSection
	GlobalSection(ExtensibilityGlobals) = postSolution
		SolutionGuid = {83E59928-0B6F-4693-8605-50BBE76F897A}
	EndGlobalSection
EndGlobal
